
Microsoft Visual Studio Solution File, Format Version 12.00
# Visual Studio Version 17
VisualStudioVersion = 17.0.32126.317
MinimumVisualStudioVersion = 10.0.40219.1
Project("{FAE04EC0-301F-11D3-BF4B-00C04F79EFBC}") = "CakeMachine", "CakeMachine\CakeMachine.csproj", "{169F9224-BC76-4387-8A4B-69E926854390}"
EndProject
Global
	GlobalSection(SolutionConfigurationPlatforms) = preSolution
		Debug|Any CPU = Debug|Any CPU
		Release|Any CPU = Release|Any CPU
	EndGlobalSection
	GlobalSection(ProjectConfigurationPlatforms) = postSolution
		{169F9224-BC76-4387-8A4B-69E926854390}.Debug|Any CPU.ActiveCfg = Debug|Any CPU
		{169F9224-BC76-4387-8A4B-69E926854390}.Debug|Any CPU.Build.0 = Debug|Any CPU
		{169F9224-BC76-4387-8A4B-69E926854390}.Release|Any CPU.ActiveCfg = Release|Any CPU
		{169F9224-BC76-4387-8A4B-69E926854390}.Release|Any CPU.Build.0 = Release|Any CPU
	EndGlobalSection
	GlobalSection(SolutionProperties) = preSolution
		HideSolutionNode = FALSE
	EndGlobalSection
	GlobalSection(ExtensibilityGlobals) = postSolution
		SolutionGuid = {FE3526D2-5FD2-4AD5-979D-0C87B48FF6AF}
	EndGlobalSection
EndGlobal
